
Microsoft Visual Studio Solution File, Format Version 12.00
# Visual Studio 2012
Project("{FAE04EC0-301F-11D3-BF4B-00C04F79EFBC}") = "KPU.Assembler", "KPU.Assembler\KPU.Assembler.csproj", "{5B04CF3B-E71E-43D9-BEC7-A3520797562A}"
EndProject
Project("{2150E333-8FDC-42A3-9474-1A3956D46DE8}") = "AssemblyCode", "AssemblyCode", "{F82B7996-0E08-40D0-8A6A-B71BB8075F36}"
	ProjectSection(SolutionItems) = preProject
		AssemblyCode\ADC.asm = AssemblyCode\ADC.asm
		AssemblyCode\ADC_16BIT_NUMBERS.asm = AssemblyCode\ADC_16BIT_NUMBERS.asm
		AssemblyCode\ADC_32BIT_NUMBERS.asm = AssemblyCode\ADC_32BIT_NUMBERS.asm
		AssemblyCode\ADC_MACRO.asm = AssemblyCode\ADC_MACRO.asm
		AssemblyCode\ADC_MACRO_BIG_NUMBERS.asm = AssemblyCode\ADC_MACRO_BIG_NUMBERS.asm
		AssemblyCode\ADD.asm = AssemblyCode\ADD.asm
		AssemblyCode\AND.asm = AssemblyCode\AND.asm
		AssemblyCode\ATOI.asm = AssemblyCode\ATOI.asm
		AssemblyCode\CALCULATOR.asm = AssemblyCode\CALCULATOR.asm
		AssemblyCode\CALL.asm = AssemblyCode\CALL.asm
		AssemblyCode\CALL_ALU.asm = AssemblyCode\CALL_ALU.asm
		AssemblyCode\CALL_IN_CALL.asm = AssemblyCode\CALL_IN_CALL.asm
		AssemblyCode\CALL_IN_CALL_NOP.asm = AssemblyCode\CALL_IN_CALL_NOP.asm
		AssemblyCode\CALLING_CONVENTION.asm = AssemblyCode\CALLING_CONVENTION.asm
		AssemblyCode\CARRY_FLAG.asm = AssemblyCode\CARRY_FLAG.asm
		AssemblyCode\CMP.asm = AssemblyCode\CMP.asm
		AssemblyCode\DEC.asm = AssemblyCode\DEC.asm
		AssemblyCode\DEC_SP.asm = AssemblyCode\DEC_SP.asm
		AssemblyCode\DIV.asm = AssemblyCode\DIV.asm
		AssemblyCode\ENTER_LEAVE.asm = AssemblyCode\ENTER_LEAVE.asm
		AssemblyCode\FOR_LOOP.asm = AssemblyCode\FOR_LOOP.asm
		AssemblyCode\FOR_LOOP_IndirectAddressing.asm = AssemblyCode\FOR_LOOP_IndirectAddressing.asm
		AssemblyCode\FUNCTIONS.inc = AssemblyCode\FUNCTIONS.inc
		AssemblyCode\GETCHAR.asm = AssemblyCode\GETCHAR.asm
		AssemblyCode\IN_OUT.asm = AssemblyCode\IN_OUT.asm
		AssemblyCode\INC.asm = AssemblyCode\INC.asm
		AssemblyCode\INCLUDE.asm = AssemblyCode\INCLUDE.asm
		AssemblyCode\INCLUDE1.asm = AssemblyCode\INCLUDE1.asm
		AssemblyCode\INT.asm = AssemblyCode\INT.asm
		AssemblyCode\ITOA.asm = AssemblyCode\ITOA.asm
		AssemblyCode\JMP.asm = AssemblyCode\JMP.asm
		AssemblyCode\JMP_LABEL.asm = AssemblyCode\JMP_LABEL.asm
		AssemblyCode\JMP_MULTIPLE.asm = AssemblyCode\JMP_MULTIPLE.asm
		AssemblyCode\JNC.asm = AssemblyCode\JNC.asm
		AssemblyCode\JNZ.asm = AssemblyCode\JNZ.asm
		AssemblyCode\JNZ1.asm = AssemblyCode\JNZ1.asm
		AssemblyCode\JZ.asm = AssemblyCode\JZ.asm
		AssemblyCode\MOV.asm = AssemblyCode\MOV.asm
		AssemblyCode\MOV_BP_Y_Z.asm = AssemblyCode\MOV_BP_Y_Z.asm
		AssemblyCode\MOV_CONST.asm = AssemblyCode\MOV_CONST.asm
		AssemblyCode\MOV_CONST_BINARY.asm = AssemblyCode\MOV_CONST_BINARY.asm
		AssemblyCode\MOV_CONST_DECIMAL.asm = AssemblyCode\MOV_CONST_DECIMAL.asm
		AssemblyCode\MOV_CONST_HEX.asm = AssemblyCode\MOV_CONST_HEX.asm
		AssemblyCode\MOV_I_R16.asm = AssemblyCode\MOV_I_R16.asm
		AssemblyCode\MOV_IndirectAddressing.asm = AssemblyCode\MOV_IndirectAddressing.asm
		AssemblyCode\MOV_IndirectAddressing_RegisterOffset.asm = AssemblyCode\MOV_IndirectAddressing_RegisterOffset.asm
		AssemblyCode\MOV_INO_R16.asm = AssemblyCode\MOV_INO_R16.asm
		AssemblyCode\MOV_INRO_R16.asm = AssemblyCode\MOV_INRO_R16.asm
		AssemblyCode\MOV_IPO_R16.asm = AssemblyCode\MOV_IPO_R16.asm
		AssemblyCode\MOV_IPRO_R16.asm = AssemblyCode\MOV_IPRO_R16.asm
		AssemblyCode\MUL_FUNCTION.asm = AssemblyCode\MUL_FUNCTION.asm
		AssemblyCode\MUL_MACRO.asm = AssemblyCode\MUL_MACRO.asm
		AssemblyCode\NEG.asm = AssemblyCode\NEG.asm
		AssemblyCode\NEG_16BIT_NUMBERS.asm = AssemblyCode\NEG_16BIT_NUMBERS.asm
		AssemblyCode\NOP_FLAGS.asm = AssemblyCode\NOP_FLAGS.asm
		AssemblyCode\NOT.asm = AssemblyCode\NOT.asm
		AssemblyCode\OR.asm = AssemblyCode\OR.asm
		AssemblyCode\OVERFLOW_FLAG.asm = AssemblyCode\OVERFLOW_FLAG.asm
		AssemblyCode\POP.asm = AssemblyCode\POP.asm
		AssemblyCode\POPF.asm = AssemblyCode\POPF.asm
		AssemblyCode\PRINTF.asm = AssemblyCode\PRINTF.asm
		AssemblyCode\PUSH.asm = AssemblyCode\PUSH.asm
		AssemblyCode\PUSH16.asm = AssemblyCode\PUSH16.asm
		AssemblyCode\PUSH_CONST.asm = AssemblyCode\PUSH_CONST.asm
		AssemblyCode\PUSHF.asm = AssemblyCode\PUSHF.asm
		AssemblyCode\RCL_16BIT_NUMBER.asm = AssemblyCode\RCL_16BIT_NUMBER.asm
		AssemblyCode\RCL_32BIT_NUMBER.asm = AssemblyCode\RCL_32BIT_NUMBER.asm
		AssemblyCode\RCR_16BIT_NUMBER.asm = AssemblyCode\RCR_16BIT_NUMBER.asm
		AssemblyCode\RECURSION.asm = AssemblyCode\RECURSION.asm
		AssemblyCode\RET.asm = AssemblyCode\RET.asm
		AssemblyCode\SAR.asm = AssemblyCode\SAR.asm
		AssemblyCode\SBB_16BIT_NUMBER.asm = AssemblyCode\SBB_16BIT_NUMBER.asm
		AssemblyCode\SBB_32BIT_NUMBER.asm = AssemblyCode\SBB_32BIT_NUMBER.asm
		AssemblyCode\SBB_32BIT_NUMBER1.asm = AssemblyCode\SBB_32BIT_NUMBER1.asm
		AssemblyCode\SCANF_PRINTF.asm = AssemblyCode\SCANF_PRINTF.asm
		AssemblyCode\SCANF_PRINTF_FUNCTIONS.asm = AssemblyCode\SCANF_PRINTF_FUNCTIONS.asm
		AssemblyCode\SHL.asm = AssemblyCode\SHL.asm
		AssemblyCode\SHL_CARRYFLAG.asm = AssemblyCode\SHL_CARRYFLAG.asm
		AssemblyCode\SHL_SHR.asm = AssemblyCode\SHL_SHR.asm
		AssemblyCode\SHR.asm = AssemblyCode\SHR.asm
		AssemblyCode\STACK_BACKTRACE.asm = AssemblyCode\STACK_BACKTRACE.asm
		AssemblyCode\SUB.asm = AssemblyCode\SUB.asm
		AssemblyCode\SUB_R16.asm = AssemblyCode\SUB_R16.asm
		AssemblyCode\WHILE_LOOP.asm = AssemblyCode\WHILE_LOOP.asm
		AssemblyCode\XOR.asm = AssemblyCode\XOR.asm
	EndProjectSection
EndProject
Project("{2150E333-8FDC-42A3-9474-1A3956D46DE8}") = "TTL", "TTL", "{6BA0C871-6A6F-47C5-B1B7-B36CE800657E}"
	ProjectSection(SolutionItems) = preProject
		AssemblyCode\TTL\ADD.asm = AssemblyCode\TTL\ADD.asm
		AssemblyCode\TTL\ADD1.asm = AssemblyCode\TTL\ADD1.asm
		AssemblyCode\TTL\ADD2.asm = AssemblyCode\TTL\ADD2.asm
		AssemblyCode\TTL\ADD_FOREVER.asm = AssemblyCode\TTL\ADD_FOREVER.asm
		AssemblyCode\TTL\ADD_LOOP.asm = AssemblyCode\TTL\ADD_LOOP.asm
		AssemblyCode\TTL\AND.asm = AssemblyCode\TTL\AND.asm
		AssemblyCode\TTL\AND_OR_XOR.asm = AssemblyCode\TTL\AND_OR_XOR.asm
		AssemblyCode\TTL\JMP.asm = AssemblyCode\TTL\JMP.asm
		AssemblyCode\TTL\JNZ.asm = AssemblyCode\TTL\JNZ.asm
		AssemblyCode\TTL\JZ.asm = AssemblyCode\TTL\JZ.asm
		AssemblyCode\TTL\JZ1.asm = AssemblyCode\TTL\JZ1.asm
		AssemblyCode\TTL\LOAD.asm = AssemblyCode\TTL\LOAD.asm
		AssemblyCode\TTL\MOV.asm = AssemblyCode\TTL\MOV.asm
		AssemblyCode\TTL\MOV1.asm = AssemblyCode\TTL\MOV1.asm
		AssemblyCode\TTL\MOV16.asm = AssemblyCode\TTL\MOV16.asm
		AssemblyCode\TTL\MOV16_1.asm = AssemblyCode\TTL\MOV16_1.asm
		AssemblyCode\TTL\MOV16_ADD_SUB.asm = AssemblyCode\TTL\MOV16_ADD_SUB.asm
		AssemblyCode\TTL\MOV16_J.asm = AssemblyCode\TTL\MOV16_J.asm
		AssemblyCode\TTL\MOV16_SHL_SHR.asm = AssemblyCode\TTL\MOV16_SHL_SHR.asm
		AssemblyCode\TTL\MOV2.asm = AssemblyCode\TTL\MOV2.asm
		AssemblyCode\TTL\MOV3.asm = AssemblyCode\TTL\MOV3.asm
		AssemblyCode\TTL\NOT.asm = AssemblyCode\TTL\NOT.asm
		AssemblyCode\TTL\NOT1.asm = AssemblyCode\TTL\NOT1.asm
		AssemblyCode\TTL\OR.asm = AssemblyCode\TTL\OR.asm
		AssemblyCode\TTL\SHL.asm = AssemblyCode\TTL\SHL.asm
		AssemblyCode\TTL\SHL_SHR.asm = AssemblyCode\TTL\SHL_SHR.asm
		AssemblyCode\TTL\SHL_SHR1.asm = AssemblyCode\TTL\SHL_SHR1.asm
		AssemblyCode\TTL\STORE.asm = AssemblyCode\TTL\STORE.asm
		AssemblyCode\TTL\SUB.asm = AssemblyCode\TTL\SUB.asm
		AssemblyCode\TTL\SUB1.asm = AssemblyCode\TTL\SUB1.asm
		AssemblyCode\TTL\SUB_LOOP.asm = AssemblyCode\TTL\SUB_LOOP.asm
		AssemblyCode\TTL\SUM_OF_DIGITS.asm = AssemblyCode\TTL\SUM_OF_DIGITS.asm
		AssemblyCode\TTL\XOR.asm = AssemblyCode\TTL\XOR.asm
	EndProjectSection
EndProject
Project("{2150E333-8FDC-42A3-9474-1A3956D46DE8}") = "LowLevel", "LowLevel", "{55654940-4E05-4DDB-BC7B-09065BD02D3D}"
	ProjectSection(SolutionItems) = preProject
		AssemblyCode\LowLevel\16BIT_ADDER.asm = AssemblyCode\LowLevel\16BIT_ADDER.asm
		AssemblyCode\LowLevel\ALU_ADD.asm = AssemblyCode\LowLevel\ALU_ADD.asm
		AssemblyCode\LowLevel\ALU_AND.asm = AssemblyCode\LowLevel\ALU_AND.asm
		AssemblyCode\LowLevel\ALU_NOP.asm = AssemblyCode\LowLevel\ALU_NOP.asm
		AssemblyCode\LowLevel\ALU_NOT.asm = AssemblyCode\LowLevel\ALU_NOT.asm
		AssemblyCode\LowLevel\ALU_OR.asm = AssemblyCode\LowLevel\ALU_OR.asm
		AssemblyCode\LowLevel\ALU_SHL.asm = AssemblyCode\LowLevel\ALU_SHL.asm
		AssemblyCode\LowLevel\ALU_XOR.asm = AssemblyCode\LowLevel\ALU_XOR.asm
		AssemblyCode\LowLevel\CALL_MACRO.asm = AssemblyCode\LowLevel\CALL_MACRO.asm
		AssemblyCode\LowLevel\FLAGS_SAVE_RESTORE.asm = AssemblyCode\LowLevel\FLAGS_SAVE_RESTORE.asm
		AssemblyCode\LowLevel\FLAGS_TO_OUTBUFFER.asm = AssemblyCode\LowLevel\FLAGS_TO_OUTBUFFER.asm
		AssemblyCode\LowLevel\JMP.asm = AssemblyCode\LowLevel\JMP.asm
		AssemblyCode\LowLevel\LOAD.asm = AssemblyCode\LowLevel\LOAD.asm
		AssemblyCode\LowLevel\MOV.asm = AssemblyCode\LowLevel\MOV.asm
		AssemblyCode\LowLevel\MOV16.asm = AssemblyCode\LowLevel\MOV16.asm
		AssemblyCode\LowLevel\POPF_MACRO.asm = AssemblyCode\LowLevel\POPF_MACRO.asm
		AssemblyCode\LowLevel\PUSHF_MACRO.asm = AssemblyCode\LowLevel\PUSHF_MACRO.asm
		AssemblyCode\LowLevel\RET_MACRO.asm = AssemblyCode\LowLevel\RET_MACRO.asm
		AssemblyCode\LowLevel\SET_AB.asm = AssemblyCode\LowLevel\SET_AB.asm
		AssemblyCode\LowLevel\STORE.asm = AssemblyCode\LowLevel\STORE.asm
	EndProjectSection
EndProject
Global
	GlobalSection(SolutionConfigurationPlatforms) = preSolution
		Debug|Any CPU = Debug|Any CPU
		Release|Any CPU = Release|Any CPU
	EndGlobalSection
	GlobalSection(ProjectConfigurationPlatforms) = postSolution
		{5B04CF3B-E71E-43D9-BEC7-A3520797562A}.Debug|Any CPU.ActiveCfg = Debug|Any CPU
		{5B04CF3B-E71E-43D9-BEC7-A3520797562A}.Debug|Any CPU.Build.0 = Debug|Any CPU
		{5B04CF3B-E71E-43D9-BEC7-A3520797562A}.Release|Any CPU.ActiveCfg = Release|Any CPU
		{5B04CF3B-E71E-43D9-BEC7-A3520797562A}.Release|Any CPU.Build.0 = Release|Any CPU
	EndGlobalSection
	GlobalSection(SolutionProperties) = preSolution
		HideSolutionNode = FALSE
	EndGlobalSection
	GlobalSection(NestedProjects) = preSolution
		{6BA0C871-6A6F-47C5-B1B7-B36CE800657E} = {F82B7996-0E08-40D0-8A6A-B71BB8075F36}
		{55654940-4E05-4DDB-BC7B-09065BD02D3D} = {F82B7996-0E08-40D0-8A6A-B71BB8075F36}
	EndGlobalSection
EndGlobal
